{
  "requires": true,
  "lockfileVersion": 1,
  "dependencies": {
    "owoify-js": {
      "version": "1.0.7",
      "resolved": "https://registry.npmjs.org/owoify-js/-/owoify-js-1.0.7.tgz",
      "integrity": "sha512-bjTMxJP+8iAv7jAFmSY0JDaiCjz2Zf83MqX6O4PS2lg+qPxF/Svyud7C76zNVpp299QvGOv+cJiFKx8KWK6ngw=="
    }
  }
}
